
Microsoft Visual Studio Solution File, Format Version 12.00
# Visual Studio 15
VisualStudioVersion = 15.0.28010.2016
MinimumVisualStudioVersion = 10.0.40219.1
Project("{FAE04EC0-301F-11D3-BF4B-00C04F79EFBC}") = "ShopList.Android", "ShopList\ShopList.Android\ShopList.Android.csproj", "{7579D497-66CE-40FB-9078-257BB2B89887}"
EndProject
Project("{FAE04EC0-301F-11D3-BF4B-00C04F79EFBC}") = "ShopList.iOS", "ShopList\ShopList.iOS\ShopList.iOS.csproj", "{EC0E2740-6899-4215-811C-45045CE4EC95}"
EndProject
Project("{FAE04EC0-301F-11D3-BF4B-00C04F79EFBC}") = "ShopList.UWP", "ShopList\ShopList.UWP\ShopList.UWP.csproj", "{3A93113E-5E90-4E76-B303-DF788F80B873}"
EndProject
Project("{9A19103F-16F7-4668-BE54-9A1E7A4F7556}") = "ShopList", "ShopList\ShopList\ShopList.csproj", "{5E10DC43-4904-4ECB-B1AE-B4C5C738D38E}"
EndProject
Project("{FAE04EC0-301F-11D3-BF4B-00C04F79EFBC}") = "WebApi", "WebApi\WebApi.csproj", "{904F9535-B07C-444D-A42C-0E579F98D232}"
EndProject
Project("{FAE04EC0-301F-11D3-BF4B-00C04F79EFBC}") = "ConsoleTester", "ConsoleTester\ConsoleTester.csproj", "{21B7C389-7B5D-4049-BAD3-EF5BA81D8FF6}"
EndProject
Global
	GlobalSection(SolutionConfigurationPlatforms) = preSolution
		Ad-Hoc|Any CPU = Ad-Hoc|Any CPU
		Ad-Hoc|ARM = Ad-Hoc|ARM
		Ad-Hoc|iPhone = Ad-Hoc|iPhone
		Ad-Hoc|iPhoneSimulator = Ad-Hoc|iPhoneSimulator
		Ad-Hoc|x64 = Ad-Hoc|x64
		Ad-Hoc|x86 = Ad-Hoc|x86
		AppStore|Any CPU = AppStore|Any CPU
		AppStore|ARM = AppStore|ARM
		AppStore|iPhone = AppStore|iPhone
		AppStore|iPhoneSimulator = AppStore|iPhoneSimulator
		AppStore|x64 = AppStore|x64
		AppStore|x86 = AppStore|x86
		Debug|Any CPU = Debug|Any CPU
		Debug|ARM = Debug|ARM
		Debug|iPhone = Debug|iPhone
		Debug|iPhoneSimulator = Debug|iPhoneSimulator
		Debug|x64 = Debug|x64
		Debug|x86 = Debug|x86
		Release|Any CPU = Release|Any CPU
		Release|ARM = Release|ARM
		Release|iPhone = Release|iPhone
		Release|iPhoneSimulator = Release|iPhoneSimulator
		Release|x64 = Release|x64
		Release|x86 = Release|x86
	EndGlobalSection
	GlobalSection(ProjectConfigurationPlatforms) = postSolution
		{7579D497-66CE-40FB-9078-257BB2B89887}.Ad-Hoc|Any CPU.ActiveCfg = Release|Any CPU
		{7579D497-66CE-40FB-9078-257BB2B89887}.Ad-Hoc|Any CPU.Build.0 = Release|Any CPU
		{7579D497-66CE-40FB-9078-257BB2B89887}.Ad-Hoc|Any CPU.Deploy.0 = Release|Any CPU
		{7579D497-66CE-40FB-9078-257BB2B89887}.Ad-Hoc|ARM.ActiveCfg = Release|Any CPU
		{7579D497-66CE-40FB-9078-257BB2B89887}.Ad-Hoc|ARM.Build.0 = Release|Any CPU
		{7579D497-66CE-40FB-9078-257BB2B89887}.Ad-Hoc|ARM.Deploy.0 = Release|Any CPU
		{7579D497-66CE-40FB-9078-257BB2B89887}.Ad-Hoc|iPhone.ActiveCfg = Release|Any CPU
		{7579D497-66CE-40FB-9078-257BB2B89887}.Ad-Hoc|iPhone.Build.0 = Release|Any CPU
		{7579D497-66CE-40FB-9078-257BB2B89887}.Ad-Hoc|iPhone.Deploy.0 = Release|Any CPU
		{7579D497-66CE-40FB-9078-257BB2B89887}.Ad-Hoc|iPhoneSimulator.ActiveCfg = Release|Any CPU
		{7579D497-66CE-40FB-9078-257BB2B89887}.Ad-Hoc|iPhoneSimulator.Build.0 = Release|Any CPU
		{7579D497-66CE-40FB-9078-257BB2B89887}.Ad-Hoc|iPhoneSimulator.Deploy.0 = Release|Any CPU
		{7579D497-66CE-40FB-9078-257BB2B89887}.Ad-Hoc|x64.ActiveCfg = Release|Any CPU
		{7579D497-66CE-40FB-9078-257BB2B89887}.Ad-Hoc|x64.Build.0 = Release|Any CPU
		{7579D497-66CE-40FB-9078-257BB2B89887}.Ad-Hoc|x64.Deploy.0 = Release|Any CPU
		{7579D497-66CE-40FB-9078-257BB2B89887}.Ad-Hoc|x86.ActiveCfg = Release|Any CPU
		{7579D497-66CE-40FB-9078-257BB2B89887}.Ad-Hoc|x86.Build.0 = Release|Any CPU
		{7579D497-66CE-40FB-9078-257BB2B89887}.Ad-Hoc|x86.Deploy.0 = Release|Any CPU
		{7579D497-66CE-40FB-9078-257BB2B89887}.AppStore|Any CPU.ActiveCfg = Release|Any CPU
		{7579D497-66CE-40FB-9078-257BB2B89887}.AppStore|Any CPU.Build.0 = Release|Any CPU
		{7579D497-66CE-40FB-9078-257BB2B89887}.AppStore|Any CPU.Deploy.0 = Release|Any CPU
		{7579D497-66CE-40FB-9078-257BB2B89887}.AppStore|ARM.ActiveCfg = Release|Any CPU
		{7579D497-66CE-40FB-9078-257BB2B89887}.AppStore|ARM.Build.0 = Release|Any CPU
		{7579D497-66CE-40FB-9078-257BB2B89887}.AppStore|ARM.Deploy.0 = Release|Any CPU
		{7579D497-66CE-40FB-9078-257BB2B89887}.AppStore|iPhone.ActiveCfg = Release|Any CPU
		{7579D497-66CE-40FB-9078-257BB2B89887}.AppStore|iPhone.Build.0 = Release|Any CPU
		{7579D497-66CE-40FB-9078-257BB2B89887}.AppStore|iPhone.Deploy.0 = Release|Any CPU
		{7579D497-66CE-40FB-9078-257BB2B89887}.AppStore|iPhoneSimulator.ActiveCfg = Release|Any CPU
		{7579D497-66CE-40FB-9078-257BB2B89887}.AppStore|iPhoneSimulator.Build.0 = Release|Any CPU
		{7579D497-66CE-40FB-9078-257BB2B89887}.AppStore|iPhoneSimulator.Deploy.0 = Release|Any CPU
		{7579D497-66CE-40FB-9078-257BB2B89887}.AppStore|x64.ActiveCfg = Release|Any CPU
		{7579D497-66CE-40FB-9078-257BB2B89887}.AppStore|x64.Build.0 = Release|Any CPU
		{7579D497-66CE-40FB-9078-257BB2B89887}.AppStore|x64.Deploy.0 = Release|Any CPU
		{7579D497-66CE-40FB-9078-257BB2B89887}.AppStore|x86.ActiveCfg = Release|Any CPU
		{7579D497-66CE-40FB-9078-257BB2B89887}.AppStore|x86.Build.0 = Release|Any CPU
		{7579D497-66CE-40FB-9078-257BB2B89887}.AppStore|x86.Deploy.0 = Release|Any CPU
		{7579D497-66CE-40FB-9078-257BB2B89887}.Debug|Any CPU.ActiveCfg = Debug|Any CPU
		{7579D497-66CE-40FB-9078-257BB2B89887}.Debug|Any CPU.Build.0 = Debug|Any CPU
		{7579D497-66CE-40FB-9078-257BB2B89887}.Debug|Any CPU.Deploy.0 = Debug|Any CPU
		{7579D497-66CE-40FB-9078-257BB2B89887}.Debug|ARM.ActiveCfg = Debug|Any CPU
		{7579D497-66CE-40FB-9078-257BB2B89887}.Debug|ARM.Build.0 = Debug|Any CPU
		{7579D497-66CE-40FB-9078-257BB2B89887}.Debug|ARM.Deploy.0 = Debug|Any CPU
		{7579D497-66CE-40FB-9078-257BB2B89887}.Debug|iPhone.ActiveCfg = Debug|Any CPU
		{7579D497-66CE-40FB-9078-257BB2B89887}.Debug|iPhone.Build.0 = Debug|Any CPU
		{7579D497-66CE-40FB-9078-257BB2B89887}.Debug|iPhone.Deploy.0 = Debug|Any CPU
		{7579D497-66CE-40FB-9078-257BB2B89887}.Debug|iPhoneSimulator.ActiveCfg = Debug|Any CPU
		{7579D497-66CE-40FB-9078-257BB2B89887}.Debug|iPhoneSimulator.Build.0 = Debug|Any CPU
		{7579D497-66CE-40FB-9078-257BB2B89887}.Debug|iPhoneSimulator.Deploy.0 = Debug|Any CPU
		{7579D497-66CE-40FB-9078-257BB2B89887}.Debug|x64.ActiveCfg = Debug|Any CPU
		{7579D497-66CE-40FB-9078-257BB2B89887}.Debug|x64.Build.0 = Debug|Any CPU
		{7579D497-66CE-40FB-9078-257BB2B89887}.Debug|x64.Deploy.0 = Debug|Any CPU
		{7579D497-66CE-40FB-9078-257BB2B89887}.Debug|x86.ActiveCfg = Debug|Any CPU
		{7579D497-66CE-40FB-9078-257BB2B89887}.Debug|x86.Build.0 = Debug|Any CPU
		{7579D497-66CE-40FB-9078-257BB2B89887}.Debug|x86.Deploy.0 = Debug|Any CPU
		{7579D497-66CE-40FB-9078-257BB2B89887}.Release|Any CPU.ActiveCfg = Release|Any CPU
		{7579D497-66CE-40FB-9078-257BB2B89887}.Release|Any CPU.Build.0 = Release|Any CPU
		{7579D497-66CE-40FB-9078-257BB2B89887}.Release|Any CPU.Deploy.0 = Release|Any CPU
		{7579D497-66CE-40FB-9078-257BB2B89887}.Release|ARM.ActiveCfg = Release|Any CPU
		{7579D497-66CE-40FB-9078-257BB2B89887}.Release|ARM.Build.0 = Release|Any CPU
		{7579D497-66CE-40FB-9078-257BB2B89887}.Release|ARM.Deploy.0 = Release|Any CPU
		{7579D497-66CE-40FB-9078-257BB2B89887}.Release|iPhone.ActiveCfg = Release|Any CPU
		{7579D497-66CE-40FB-9078-257BB2B89887}.Release|iPhone.Build.0 = Release|Any CPU
		{7579D497-66CE-40FB-9078-257BB2B89887}.Release|iPhone.Deploy.0 = Release|Any CPU
		{7579D497-66CE-40FB-9078-257BB2B89887}.Release|iPhoneSimulator.ActiveCfg = Release|Any CPU
		{7579D497-66CE-40FB-9078-257BB2B89887}.Release|iPhoneSimulator.Build.0 = Release|Any CPU
		{7579D497-66CE-40FB-9078-257BB2B89887}.Release|iPhoneSimulator.Deploy.0 = Release|Any CPU
		{7579D497-66CE-40FB-9078-257BB2B89887}.Release|x64.ActiveCfg = Release|Any CPU
		{7579D497-66CE-40FB-9078-257BB2B89887}.Release|x64.Build.0 = Release|Any CPU
		{7579D497-66CE-40FB-9078-257BB2B89887}.Release|x64.Deploy.0 = Release|Any CPU
		{7579D497-66CE-40FB-9078-257BB2B89887}.Release|x86.ActiveCfg = Release|Any CPU
		{7579D497-66CE-40FB-9078-257BB2B89887}.Release|x86.Build.0 = Release|Any CPU
		{7579D497-66CE-40FB-9078-257BB2B89887}.Release|x86.Deploy.0 = Release|Any CPU
		{EC0E2740-6899-4215-811C-45045CE4EC95}.Ad-Hoc|Any CPU.ActiveCfg = Ad-Hoc|iPhone
		{EC0E2740-6899-4215-811C-45045CE4EC95}.Ad-Hoc|Any CPU.Build.0 = Ad-Hoc|iPhone
		{EC0E2740-6899-4215-811C-45045CE4EC95}.Ad-Hoc|Any CPU.Deploy.0 = Ad-Hoc|iPhone
		{EC0E2740-6899-4215-811C-45045CE4EC95}.Ad-Hoc|ARM.ActiveCfg = Ad-Hoc|iPhone
		{EC0E2740-6899-4215-811C-45045CE4EC95}.Ad-Hoc|ARM.Build.0 = Ad-Hoc|iPhone
		{EC0E2740-6899-4215-811C-45045CE4EC95}.Ad-Hoc|ARM.Deploy.0 = Ad-Hoc|iPhone
		{EC0E2740-6899-4215-811C-45045CE4EC95}.Ad-Hoc|iPhone.ActiveCfg = Ad-Hoc|iPhone
		{EC0E2740-6899-4215-811C-45045CE4EC95}.Ad-Hoc|iPhone.Build.0 = Ad-Hoc|iPhone
		{EC0E2740-6899-4215-811C-45045CE4EC95}.Ad-Hoc|iPhone.Deploy.0 = Ad-Hoc|iPhone
		{EC0E2740-6899-4215-811C-45045CE4EC95}.Ad-Hoc|iPhoneSimulator.ActiveCfg = Ad-Hoc|iPhoneSimulator
		{EC0E2740-6899-4215-811C-45045CE4EC95}.Ad-Hoc|iPhoneSimulator.Build.0 = Ad-Hoc|iPhoneSimulator
		{EC0E2740-6899-4215-811C-45045CE4EC95}.Ad-Hoc|iPhoneSimulator.Deploy.0 = Ad-Hoc|iPhoneSimulator
		{EC0E2740-6899-4215-811C-45045CE4EC95}.Ad-Hoc|x64.ActiveCfg = Ad-Hoc|iPhone
		{EC0E2740-6899-4215-811C-45045CE4EC95}.Ad-Hoc|x64.Build.0 = Ad-Hoc|iPhone
		{EC0E2740-6899-4215-811C-45045CE4EC95}.Ad-Hoc|x64.Deploy.0 = Ad-Hoc|iPhone
		{EC0E2740-6899-4215-811C-45045CE4EC95}.Ad-Hoc|x86.ActiveCfg = Ad-Hoc|iPhone
		{EC0E2740-6899-4215-811C-45045CE4EC95}.Ad-Hoc|x86.Build.0 = Ad-Hoc|iPhone
		{EC0E2740-6899-4215-811C-45045CE4EC95}.Ad-Hoc|x86.Deploy.0 = Ad-Hoc|iPhone
		{EC0E2740-6899-4215-811C-45045CE4EC95}.AppStore|Any CPU.ActiveCfg = AppStore|iPhone
		{EC0E2740-6899-4215-811C-45045CE4EC95}.AppStore|Any CPU.Build.0 = AppStore|iPhone
		{EC0E2740-6899-4215-811C-45045CE4EC95}.AppStore|Any CPU.Deploy.0 = AppStore|iPhone
		{EC0E2740-6899-4215-811C-45045CE4EC95}.AppStore|ARM.ActiveCfg = AppStore|iPhone
		{EC0E2740-6899-4215-811C-45045CE4EC95}.AppStore|ARM.Build.0 = AppStore|iPhone
		{EC0E2740-6899-4215-811C-45045CE4EC95}.AppStore|ARM.Deploy.0 = AppStore|iPhone
		{EC0E2740-6899-4215-811C-45045CE4EC95}.AppStore|iPhone.ActiveCfg = AppStore|iPhone
		{EC0E2740-6899-4215-811C-45045CE4EC95}.AppStore|iPhone.Build.0 = AppStore|iPhone
		{EC0E2740-6899-4215-811C-45045CE4EC95}.AppStore|iPhone.Deploy.0 = AppStore|iPhone
		{EC0E2740-6899-4215-811C-45045CE4EC95}.AppStore|iPhoneSimulator.ActiveCfg = AppStore|iPhoneSimulator
		{EC0E2740-6899-4215-811C-45045CE4EC95}.AppStore|iPhoneSimulator.Build.0 = AppStore|iPhoneSimulator
		{EC0E2740-6899-4215-811C-45045CE4EC95}.AppStore|iPhoneSimulator.Deploy.0 = AppStore|iPhoneSimulator
		{EC0E2740-6899-4215-811C-45045CE4EC95}.AppStore|x64.ActiveCfg = AppStore|iPhone
		{EC0E2740-6899-4215-811C-45045CE4EC95}.AppStore|x64.Build.0 = AppStore|iPhone
		{EC0E2740-6899-4215-811C-45045CE4EC95}.AppStore|x64.Deploy.0 = AppStore|iPhone
		{EC0E2740-6899-4215-811C-45045CE4EC95}.AppStore|x86.ActiveCfg = AppStore|iPhone
		{EC0E2740-6899-4215-811C-45045CE4EC95}.AppStore|x86.Build.0 = AppStore|iPhone
		{EC0E2740-6899-4215-811C-45045CE4EC95}.AppStore|x86.Deploy.0 = AppStore|iPhone
		{EC0E2740-6899-4215-811C-45045CE4EC95}.Debug|Any CPU.ActiveCfg = Debug|iPhoneSimulator
		{EC0E2740-6899-4215-811C-45045CE4EC95}.Debug|Any CPU.Build.0 = Debug|iPhoneSimulator
		{EC0E2740-6899-4215-811C-45045CE4EC95}.Debug|Any CPU.Deploy.0 = Debug|iPhoneSimulator
		{EC0E2740-6899-4215-811C-45045CE4EC95}.Debug|ARM.ActiveCfg = Debug|iPhone
		{EC0E2740-6899-4215-811C-45045CE4EC95}.Debug|ARM.Build.0 = Debug|iPhone
		{EC0E2740-6899-4215-811C-45045CE4EC95}.Debug|ARM.Deploy.0 = Debug|iPhone
		{EC0E2740-6899-4215-811C-45045CE4EC95}.Debug|iPhone.ActiveCfg = Debug|iPhone
		{EC0E2740-6899-4215-811C-45045CE4EC95}.Debug|iPhone.Build.0 = Debug|iPhone
		{EC0E2740-6899-4215-811C-45045CE4EC95}.Debug|iPhone.Deploy.0 = Debug|iPhone
		{EC0E2740-6899-4215-811C-45045CE4EC95}.Debug|iPhoneSimulator.ActiveCfg = Debug|iPhoneSimulator
		{EC0E2740-6899-4215-811C-45045CE4EC95}.Debug|iPhoneSimulator.Build.0 = Debug|iPhoneSimulator
		{EC0E2740-6899-4215-811C-45045CE4EC95}.Debug|iPhoneSimulator.Deploy.0 = Debug|iPhoneSimulator
		{EC0E2740-6899-4215-811C-45045CE4EC95}.Debug|x64.ActiveCfg = Debug|iPhone
		{EC0E2740-6899-4215-811C-45045CE4EC95}.Debug|x64.Build.0 = Debug|iPhone
		{EC0E2740-6899-4215-811C-45045CE4EC95}.Debug|x64.Deploy.0 = Debug|iPhone
		{EC0E2740-6899-4215-811C-45045CE4EC95}.Debug|x86.ActiveCfg = Debug|iPhone
		{EC0E2740-6899-4215-811C-45045CE4EC95}.Debug|x86.Build.0 = Debug|iPhone
		{EC0E2740-6899-4215-811C-45045CE4EC95}.Debug|x86.Deploy.0 = Debug|iPhone
		{EC0E2740-6899-4215-811C-45045CE4EC95}.Release|Any CPU.ActiveCfg = Release|iPhone
		{EC0E2740-6899-4215-811C-45045CE4EC95}.Release|Any CPU.Build.0 = Release|iPhone
		{EC0E2740-6899-4215-811C-45045CE4EC95}.Release|Any CPU.Deploy.0 = Release|iPhone
		{EC0E2740-6899-4215-811C-45045CE4EC95}.Release|ARM.ActiveCfg = Release|iPhone
		{EC0E2740-6899-4215-811C-45045CE4EC95}.Release|ARM.Build.0 = Release|iPhone
		{EC0E2740-6899-4215-811C-45045CE4EC95}.Release|ARM.Deploy.0 = Release|iPhone
		{EC0E2740-6899-4215-811C-45045CE4EC95}.Release|iPhone.ActiveCfg = Release|iPhone
		{EC0E2740-6899-4215-811C-45045CE4EC95}.Release|iPhone.Build.0 = Release|iPhone
		{EC0E2740-6899-4215-811C-45045CE4EC95}.Release|iPhone.Deploy.0 = Release|iPhone
		{EC0E2740-6899-4215-811C-45045CE4EC95}.Release|iPhoneSimulator.ActiveCfg = Release|iPhoneSimulator
		{EC0E2740-6899-4215-811C-45045CE4EC95}.Release|iPhoneSimulator.Build.0 = Release|iPhoneSimulator
		{EC0E2740-6899-4215-811C-45045CE4EC95}.Release|iPhoneSimulator.Deploy.0 = Release|iPhoneSimulator
		{EC0E2740-6899-4215-811C-45045CE4EC95}.Release|x64.ActiveCfg = Release|iPhone
		{EC0E2740-6899-4215-811C-45045CE4EC95}.Release|x64.Build.0 = Release|iPhone
		{EC0E2740-6899-4215-811C-45045CE4EC95}.Release|x64.Deploy.0 = Release|iPhone
		{EC0E2740-6899-4215-811C-45045CE4EC95}.Release|x86.ActiveCfg = Release|iPhone
		{EC0E2740-6899-4215-811C-45045CE4EC95}.Release|x86.Build.0 = Release|iPhone
		{EC0E2740-6899-4215-811C-45045CE4EC95}.Release|x86.Deploy.0 = Release|iPhone
		{3A93113E-5E90-4E76-B303-DF788F80B873}.Ad-Hoc|Any CPU.ActiveCfg = Release|x86
		{3A93113E-5E90-4E76-B303-DF788F80B873}.Ad-Hoc|Any CPU.Build.0 = Release|x86
		{3A93113E-5E90-4E76-B303-DF788F80B873}.Ad-Hoc|Any CPU.Deploy.0 = Release|x86
		{3A93113E-5E90-4E76-B303-DF788F80B873}.Ad-Hoc|ARM.ActiveCfg = Release|ARM
		{3A93113E-5E90-4E76-B303-DF788F80B873}.Ad-Hoc|ARM.Build.0 = Release|ARM
		{3A93113E-5E90-4E76-B303-DF788F80B873}.Ad-Hoc|ARM.Deploy.0 = Release|ARM
		{3A93113E-5E90-4E76-B303-DF788F80B873}.Ad-Hoc|iPhone.ActiveCfg = Release|x86
		{3A93113E-5E90-4E76-B303-DF788F80B873}.Ad-Hoc|iPhone.Build.0 = Release|x86
		{3A93113E-5E90-4E76-B303-DF788F80B873}.Ad-Hoc|iPhone.Deploy.0 = Release|x86
		{3A93113E-5E90-4E76-B303-DF788F80B873}.Ad-Hoc|iPhoneSimulator.ActiveCfg = Release|x86
		{3A93113E-5E90-4E76-B303-DF788F80B873}.Ad-Hoc|iPhoneSimulator.Build.0 = Release|x86
		{3A93113E-5E90-4E76-B303-DF788F80B873}.Ad-Hoc|iPhoneSimulator.Deploy.0 = Release|x86
		{3A93113E-5E90-4E76-B303-DF788F80B873}.Ad-Hoc|x64.ActiveCfg = Release|x64
		{3A93113E-5E90-4E76-B303-DF788F80B873}.Ad-Hoc|x64.Build.0 = Release|x64
		{3A93113E-5E90-4E76-B303-DF788F80B873}.Ad-Hoc|x64.Deploy.0 = Release|x64
		{3A93113E-5E90-4E76-B303-DF788F80B873}.Ad-Hoc|x86.ActiveCfg = Release|x86
		{3A93113E-5E90-4E76-B303-DF788F80B873}.Ad-Hoc|x86.Build.0 = Release|x86
		{3A93113E-5E90-4E76-B303-DF788F80B873}.Ad-Hoc|x86.Deploy.0 = Release|x86
		{3A93113E-5E90-4E76-B303-DF788F80B873}.AppStore|Any CPU.ActiveCfg = Release|x86
		{3A93113E-5E90-4E76-B303-DF788F80B873}.AppStore|Any CPU.Build.0 = Release|x86
		{3A93113E-5E90-4E76-B303-DF788F80B873}.AppStore|Any CPU.Deploy.0 = Release|x86
		{3A93113E-5E90-4E76-B303-DF788F80B873}.AppStore|ARM.ActiveCfg = Release|ARM
		{3A93113E-5E90-4E76-B303-DF788F80B873}.AppStore|ARM.Build.0 = Release|ARM
		{3A93113E-5E90-4E76-B303-DF788F80B873}.AppStore|ARM.Deploy.0 = Release|ARM
		{3A93113E-5E90-4E76-B303-DF788F80B873}.AppStore|iPhone.ActiveCfg = Release|x86
		{3A93113E-5E90-4E76-B303-DF788F80B873}.AppStore|iPhone.Build.0 = Release|x86
		{3A93113E-5E90-4E76-B303-DF788F80B873}.AppStore|iPhone.Deploy.0 = Release|x86
		{3A93113E-5E90-4E76-B303-DF788F80B873}.AppStore|iPhoneSimulator.ActiveCfg = Release|x86
		{3A93113E-5E90-4E76-B303-DF788F80B873}.AppStore|iPhoneSimulator.Build.0 = Release|x86
		{3A93113E-5E90-4E76-B303-DF788F80B873}.AppStore|iPhoneSimulator.Deploy.0 = Release|x86
		{3A93113E-5E90-4E76-B303-DF788F80B873}.AppStore|x64.ActiveCfg = Release|x64
		{3A93113E-5E90-4E76-B303-DF788F80B873}.AppStore|x64.Build.0 = Release|x64
		{3A93113E-5E90-4E76-B303-DF788F80B873}.AppStore|x64.Deploy.0 = Release|x64
		{3A93113E-5E90-4E76-B303-DF788F80B873}.AppStore|x86.ActiveCfg = Release|x86
		{3A93113E-5E90-4E76-B303-DF788F80B873}.AppStore|x86.Build.0 = Release|x86
		{3A93113E-5E90-4E76-B303-DF788F80B873}.AppStore|x86.Deploy.0 = Release|x86
		{3A93113E-5E90-4E76-B303-DF788F80B873}.Debug|Any CPU.ActiveCfg = Debug|x86
		{3A93113E-5E90-4E76-B303-DF788F80B873}.Debug|Any CPU.Build.0 = Debug|x86
		{3A93113E-5E90-4E76-B303-DF788F80B873}.Debug|Any CPU.Deploy.0 = Debug|x86
		{3A93113E-5E90-4E76-B303-DF788F80B873}.Debug|ARM.ActiveCfg = Debug|ARM
		{3A93113E-5E90-4E76-B303-DF788F80B873}.Debug|ARM.Build.0 = Debug|ARM
		{3A93113E-5E90-4E76-B303-DF788F80B873}.Debug|ARM.Deploy.0 = Debug|ARM
		{3A93113E-5E90-4E76-B303-DF788F80B873}.Debug|iPhone.ActiveCfg = Debug|x86
		{3A93113E-5E90-4E76-B303-DF788F80B873}.Debug|iPhone.Build.0 = Debug|x86
		{3A93113E-5E90-4E76-B303-DF788F80B873}.Debug|iPhone.Deploy.0 = Debug|x86
		{3A93113E-5E90-4E76-B303-DF788F80B873}.Debug|iPhoneSimulator.ActiveCfg = Debug|x86
		{3A93113E-5E90-4E76-B303-DF788F80B873}.Debug|iPhoneSimulator.Build.0 = Debug|x86
		{3A93113E-5E90-4E76-B303-DF788F80B873}.Debug|iPhoneSimulator.Deploy.0 = Debug|x86
		{3A93113E-5E90-4E76-B303-DF788F80B873}.Debug|x64.ActiveCfg = Debug|x64
		{3A93113E-5E90-4E76-B303-DF788F80B873}.Debug|x64.Build.0 = Debug|x64
		{3A93113E-5E90-4E76-B303-DF788F80B873}.Debug|x64.Deploy.0 = Debug|x64
		{3A93113E-5E90-4E76-B303-DF788F80B873}.Debug|x86.ActiveCfg = Debug|x86
		{3A93113E-5E90-4E76-B303-DF788F80B873}.Debug|x86.Build.0 = Debug|x86
		{3A93113E-5E90-4E76-B303-DF788F80B873}.Debug|x86.Deploy.0 = Debug|x86
		{3A93113E-5E90-4E76-B303-DF788F80B873}.Release|Any CPU.ActiveCfg = Release|x86
		{3A93113E-5E90-4E76-B303-DF788F80B873}.Release|Any CPU.Build.0 = Release|x86
		{3A93113E-5E90-4E76-B303-DF788F80B873}.Release|Any CPU.Deploy.0 = Release|x86
		{3A93113E-5E90-4E76-B303-DF788F80B873}.Release|ARM.ActiveCfg = Release|ARM
		{3A93113E-5E90-4E76-B303-DF788F80B873}.Release|ARM.Build.0 = Release|ARM
		{3A93113E-5E90-4E76-B303-DF788F80B873}.Release|ARM.Deploy.0 = Release|ARM
		{3A93113E-5E90-4E76-B303-DF788F80B873}.Release|iPhone.ActiveCfg = Release|x86
		{3A93113E-5E90-4E76-B303-DF788F80B873}.Release|iPhone.Build.0 = Release|x86
		{3A93113E-5E90-4E76-B303-DF788F80B873}.Release|iPhone.Deploy.0 = Release|x86
		{3A93113E-5E90-4E76-B303-DF788F80B873}.Release|iPhoneSimulator.ActiveCfg = Release|x86
		{3A93113E-5E90-4E76-B303-DF788F80B873}.Release|iPhoneSimulator.Build.0 = Release|x86
		{3A93113E-5E90-4E76-B303-DF788F80B873}.Release|iPhoneSimulator.Deploy.0 = Release|x86
		{3A93113E-5E90-4E76-B303-DF788F80B873}.Release|x64.ActiveCfg = Release|x64
		{3A93113E-5E90-4E76-B303-DF788F80B873}.Release|x64.Build.0 = Release|x64
		{3A93113E-5E90-4E76-B303-DF788F80B873}.Release|x64.Deploy.0 = Release|x64
		{3A93113E-5E90-4E76-B303-DF788F80B873}.Release|x86.ActiveCfg = Release|x86
		{3A93113E-5E90-4E76-B303-DF788F80B873}.Release|x86.Build.0 = Release|x86
		{3A93113E-5E90-4E76-B303-DF788F80B873}.Release|x86.Deploy.0 = Release|x86
		{5E10DC43-4904-4ECB-B1AE-B4C5C738D38E}.Ad-Hoc|Any CPU.ActiveCfg = Debug|Any CPU
		{5E10DC43-4904-4ECB-B1AE-B4C5C738D38E}.Ad-Hoc|Any CPU.Build.0 = Debug|Any CPU
		{5E10DC43-4904-4ECB-B1AE-B4C5C738D38E}.Ad-Hoc|Any CPU.Deploy.0 = Debug|Any CPU
		{5E10DC43-4904-4ECB-B1AE-B4C5C738D38E}.Ad-Hoc|ARM.ActiveCfg = Debug|Any CPU
		{5E10DC43-4904-4ECB-B1AE-B4C5C738D38E}.Ad-Hoc|ARM.Build.0 = Debug|Any CPU
		{5E10DC43-4904-4ECB-B1AE-B4C5C738D38E}.Ad-Hoc|ARM.Deploy.0 = Debug|Any CPU
		{5E10DC43-4904-4ECB-B1AE-B4C5C738D38E}.Ad-Hoc|iPhone.ActiveCfg = Debug|Any CPU
		{5E10DC43-4904-4ECB-B1AE-B4C5C738D38E}.Ad-Hoc|iPhone.Build.0 = Debug|Any CPU
		{5E10DC43-4904-4ECB-B1AE-B4C5C738D38E}.Ad-Hoc|iPhone.Deploy.0 = Debug|Any CPU
		{5E10DC43-4904-4ECB-B1AE-B4C5C738D38E}.Ad-Hoc|iPhoneSimulator.ActiveCfg = Debug|Any CPU
		{5E10DC43-4904-4ECB-B1AE-B4C5C738D38E}.Ad-Hoc|iPhoneSimulator.Build.0 = Debug|Any CPU
		{5E10DC43-4904-4ECB-B1AE-B4C5C738D38E}.Ad-Hoc|iPhoneSimulator.Deploy.0 = Debug|Any CPU
		{5E10DC43-4904-4ECB-B1AE-B4C5C738D38E}.Ad-Hoc|x64.ActiveCfg = Debug|Any CPU
		{5E10DC43-4904-4ECB-B1AE-B4C5C738D38E}.Ad-Hoc|x64.Build.0 = Debug|Any CPU
		{5E10DC43-4904-4ECB-B1AE-B4C5C738D38E}.Ad-Hoc|x64.Deploy.0 = Debug|Any CPU
		{5E10DC43-4904-4ECB-B1AE-B4C5C738D38E}.Ad-Hoc|x86.ActiveCfg = Debug|Any CPU
		{5E10DC43-4904-4ECB-B1AE-B4C5C738D38E}.Ad-Hoc|x86.Build.0 = Debug|Any CPU
		{5E10DC43-4904-4ECB-B1AE-B4C5C738D38E}.Ad-Hoc|x86.Deploy.0 = Debug|Any CPU
		{5E10DC43-4904-4ECB-B1AE-B4C5C738D38E}.AppStore|Any CPU.ActiveCfg = Debug|Any CPU
		{5E10DC43-4904-4ECB-B1AE-B4C5C738D38E}.AppStore|Any CPU.Build.0 = Debug|Any CPU
		{5E10DC43-4904-4ECB-B1AE-B4C5C738D38E}.AppStore|Any CPU.Deploy.0 = Debug|Any CPU
		{5E10DC43-4904-4ECB-B1AE-B4C5C738D38E}.AppStore|ARM.ActiveCfg = Debug|Any CPU
		{5E10DC43-4904-4ECB-B1AE-B4C5C738D38E}.AppStore|ARM.Build.0 = Debug|Any CPU
		{5E10DC43-4904-4ECB-B1AE-B4C5C738D38E}.AppStore|ARM.Deploy.0 = Debug|Any CPU
		{5E10DC43-4904-4ECB-B1AE-B4C5C738D38E}.AppStore|iPhone.ActiveCfg = Debug|Any CPU
		{5E10DC43-4904-4ECB-B1AE-B4C5C738D38E}.AppStore|iPhone.Build.0 = Debug|Any CPU
		{5E10DC43-4904-4ECB-B1AE-B4C5C738D38E}.AppStore|iPhone.Deploy.0 = Debug|Any CPU
		{5E10DC43-4904-4ECB-B1AE-B4C5C738D38E}.AppStore|iPhoneSimulator.ActiveCfg = Debug|Any CPU
		{5E10DC43-4904-4ECB-B1AE-B4C5C738D38E}.AppStore|iPhoneSimulator.Build.0 = Debug|Any CPU
		{5E10DC43-4904-4ECB-B1AE-B4C5C738D38E}.AppStore|iPhoneSimulator.Deploy.0 = Debug|Any CPU
		{5E10DC43-4904-4ECB-B1AE-B4C5C738D38E}.AppStore|x64.ActiveCfg = Debug|Any CPU
		{5E10DC43-4904-4ECB-B1AE-B4C5C738D38E}.AppStore|x64.Build.0 = Debug|Any CPU
		{5E10DC43-4904-4ECB-B1AE-B4C5C738D38E}.AppStore|x64.Deploy.0 = Debug|Any CPU
		{5E10DC43-4904-4ECB-B1AE-B4C5C738D38E}.AppStore|x86.ActiveCfg = Debug|Any CPU
		{5E10DC43-4904-4ECB-B1AE-B4C5C738D38E}.AppStore|x86.Build.0 = Debug|Any CPU
		{5E10DC43-4904-4ECB-B1AE-B4C5C738D38E}.AppStore|x86.Deploy.0 = Debug|Any CPU
		{5E10DC43-4904-4ECB-B1AE-B4C5C738D38E}.Debug|Any CPU.ActiveCfg = Debug|Any CPU
		{5E10DC43-4904-4ECB-B1AE-B4C5C738D38E}.Debug|Any CPU.Build.0 = Debug|Any CPU
		{5E10DC43-4904-4ECB-B1AE-B4C5C738D38E}.Debug|Any CPU.Deploy.0 = Debug|Any CPU
		{5E10DC43-4904-4ECB-B1AE-B4C5C738D38E}.Debug|ARM.ActiveCfg = Debug|Any CPU
		{5E10DC43-4904-4ECB-B1AE-B4C5C738D38E}.Debug|ARM.Build.0 = Debug|Any CPU
		{5E10DC43-4904-4ECB-B1AE-B4C5C738D38E}.Debug|ARM.Deploy.0 = Debug|Any CPU
		{5E10DC43-4904-4ECB-B1AE-B4C5C738D38E}.Debug|iPhone.ActiveCfg = Debug|Any CPU
		{5E10DC43-4904-4ECB-B1AE-B4C5C738D38E}.Debug|iPhone.Build.0 = Debug|Any CPU
		{5E10DC43-4904-4ECB-B1AE-B4C5C738D38E}.Debug|iPhone.Deploy.0 = Debug|Any CPU
		{5E10DC43-4904-4ECB-B1AE-B4C5C738D38E}.Debug|iPhoneSimulator.ActiveCfg = Debug|Any CPU
		{5E10DC43-4904-4ECB-B1AE-B4C5C738D38E}.Debug|iPhoneSimulator.Build.0 = Debug|Any CPU
		{5E10DC43-4904-4ECB-B1AE-B4C5C738D38E}.Debug|iPhoneSimulator.Deploy.0 = Debug|Any CPU
		{5E10DC43-4904-4ECB-B1AE-B4C5C738D38E}.Debug|x64.ActiveCfg = Debug|Any CPU
		{5E10DC43-4904-4ECB-B1AE-B4C5C738D38E}.Debug|x64.Build.0 = Debug|Any CPU
		{5E10DC43-4904-4ECB-B1AE-B4C5C738D38E}.Debug|x64.Deploy.0 = Debug|Any CPU
		{5E10DC43-4904-4ECB-B1AE-B4C5C738D38E}.Debug|x86.ActiveCfg = Debug|Any CPU
		{5E10DC43-4904-4ECB-B1AE-B4C5C738D38E}.Debug|x86.Build.0 = Debug|Any CPU
		{5E10DC43-4904-4ECB-B1AE-B4C5C738D38E}.Debug|x86.Deploy.0 = Debug|Any CPU
		{5E10DC43-4904-4ECB-B1AE-B4C5C738D38E}.Release|Any CPU.ActiveCfg = Release|Any CPU
		{5E10DC43-4904-4ECB-B1AE-B4C5C738D38E}.Release|Any CPU.Build.0 = Release|Any CPU
		{5E10DC43-4904-4ECB-B1AE-B4C5C738D38E}.Release|Any CPU.Deploy.0 = Release|Any CPU
		{5E10DC43-4904-4ECB-B1AE-B4C5C738D38E}.Release|ARM.ActiveCfg = Release|Any CPU
		{5E10DC43-4904-4ECB-B1AE-B4C5C738D38E}.Release|ARM.Build.0 = Release|Any CPU
		{5E10DC43-4904-4ECB-B1AE-B4C5C738D38E}.Release|ARM.Deploy.0 = Release|Any CPU
		{5E10DC43-4904-4ECB-B1AE-B4C5C738D38E}.Release|iPhone.ActiveCfg = Release|Any CPU
		{5E10DC43-4904-4ECB-B1AE-B4C5C738D38E}.Release|iPhone.Build.0 = Release|Any CPU
		{5E10DC43-4904-4ECB-B1AE-B4C5C738D38E}.Release|iPhone.Deploy.0 = Release|Any CPU
		{5E10DC43-4904-4ECB-B1AE-B4C5C738D38E}.Release|iPhoneSimulator.ActiveCfg = Release|Any CPU
		{5E10DC43-4904-4ECB-B1AE-B4C5C738D38E}.Release|iPhoneSimulator.Build.0 = Release|Any CPU
		{5E10DC43-4904-4ECB-B1AE-B4C5C738D38E}.Release|iPhoneSimulator.Deploy.0 = Release|Any CPU
		{5E10DC43-4904-4ECB-B1AE-B4C5C738D38E}.Release|x64.ActiveCfg = Release|Any CPU
		{5E10DC43-4904-4ECB-B1AE-B4C5C738D38E}.Release|x64.Build.0 = Release|Any CPU
		{5E10DC43-4904-4ECB-B1AE-B4C5C738D38E}.Release|x64.Deploy.0 = Release|Any CPU
		{5E10DC43-4904-4ECB-B1AE-B4C5C738D38E}.Release|x86.ActiveCfg = Release|Any CPU
		{5E10DC43-4904-4ECB-B1AE-B4C5C738D38E}.Release|x86.Build.0 = Release|Any CPU
		{5E10DC43-4904-4ECB-B1AE-B4C5C738D38E}.Release|x86.Deploy.0 = Release|Any CPU
		{904F9535-B07C-444D-A42C-0E579F98D232}.Ad-Hoc|Any CPU.ActiveCfg = Release|Any CPU
		{904F9535-B07C-444D-A42C-0E579F98D232}.Ad-Hoc|Any CPU.Build.0 = Release|Any CPU
		{904F9535-B07C-444D-A42C-0E579F98D232}.Ad-Hoc|ARM.ActiveCfg = Release|Any CPU
		{904F9535-B07C-444D-A42C-0E579F98D232}.Ad-Hoc|ARM.Build.0 = Release|Any CPU
		{904F9535-B07C-444D-A42C-0E579F98D232}.Ad-Hoc|iPhone.ActiveCfg = Release|Any CPU
		{904F9535-B07C-444D-A42C-0E579F98D232}.Ad-Hoc|iPhone.Build.0 = Release|Any CPU
		{904F9535-B07C-444D-A42C-0E579F98D232}.Ad-Hoc|iPhoneSimulator.ActiveCfg = Release|Any CPU
		{904F9535-B07C-444D-A42C-0E579F98D232}.Ad-Hoc|iPhoneSimulator.Build.0 = Release|Any CPU
		{904F9535-B07C-444D-A42C-0E579F98D232}.Ad-Hoc|x64.ActiveCfg = Release|Any CPU
		{904F9535-B07C-444D-A42C-0E579F98D232}.Ad-Hoc|x64.Build.0 = Release|Any CPU
		{904F9535-B07C-444D-A42C-0E579F98D232}.Ad-Hoc|x86.ActiveCfg = Release|Any CPU
		{904F9535-B07C-444D-A42C-0E579F98D232}.Ad-Hoc|x86.Build.0 = Release|Any CPU
		{904F9535-B07C-444D-A42C-0E579F98D232}.AppStore|Any CPU.ActiveCfg = Release|Any CPU
		{904F9535-B07C-444D-A42C-0E579F98D232}.AppStore|Any CPU.Build.0 = Release|Any CPU
		{904F9535-B07C-444D-A42C-0E579F98D232}.AppStore|ARM.ActiveCfg = Release|Any CPU
		{904F9535-B07C-444D-A42C-0E579F98D232}.AppStore|ARM.Build.0 = Release|Any CPU
		{904F9535-B07C-444D-A42C-0E579F98D232}.AppStore|iPhone.ActiveCfg = Release|Any CPU
		{904F9535-B07C-444D-A42C-0E579F98D232}.AppStore|iPhone.Build.0 = Release|Any CPU
		{904F9535-B07C-444D-A42C-0E579F98D232}.AppStore|iPhoneSimulator.ActiveCfg = Release|Any CPU
		{904F9535-B07C-444D-A42C-0E579F98D232}.AppStore|iPhoneSimulator.Build.0 = Release|Any CPU
		{904F9535-B07C-444D-A42C-0E579F98D232}.AppStore|x64.ActiveCfg = Release|Any CPU
		{904F9535-B07C-444D-A42C-0E579F98D232}.AppStore|x64.Build.0 = Release|Any CPU
		{904F9535-B07C-444D-A42C-0E579F98D232}.AppStore|x86.ActiveCfg = Release|Any CPU
		{904F9535-B07C-444D-A42C-0E579F98D232}.AppStore|x86.Build.0 = Release|Any CPU
		{904F9535-B07C-444D-A42C-0E579F98D232}.Debug|Any CPU.ActiveCfg = Debug|Any CPU
		{904F9535-B07C-444D-A42C-0E579F98D232}.Debug|Any CPU.Build.0 = Debug|Any CPU
		{904F9535-B07C-444D-A42C-0E579F98D232}.Debug|ARM.ActiveCfg = Debug|Any CPU
		{904F9535-B07C-444D-A42C-0E579F98D232}.Debug|ARM.Build.0 = Debug|Any CPU
		{904F9535-B07C-444D-A42C-0E579F98D232}.Debug|iPhone.ActiveCfg = Debug|Any CPU
		{904F9535-B07C-444D-A42C-0E579F98D232}.Debug|iPhone.Build.0 = Debug|Any CPU
		{904F9535-B07C-444D-A42C-0E579F98D232}.Debug|iPhoneSimulator.ActiveCfg = Debug|Any CPU
		{904F9535-B07C-444D-A42C-0E579F98D232}.Debug|iPhoneSimulator.Build.0 = Debug|Any CPU
		{904F9535-B07C-444D-A42C-0E579F98D232}.Debug|x64.ActiveCfg = Debug|Any CPU
		{904F9535-B07C-444D-A42C-0E579F98D232}.Debug|x64.Build.0 = Debug|Any CPU
		{904F9535-B07C-444D-A42C-0E579F98D232}.Debug|x86.ActiveCfg = Debug|Any CPU
		{904F9535-B07C-444D-A42C-0E579F98D232}.Debug|x86.Build.0 = Debug|Any CPU
		{904F9535-B07C-444D-A42C-0E579F98D232}.Release|Any CPU.ActiveCfg = Release|Any CPU
		{904F9535-B07C-444D-A42C-0E579F98D232}.Release|Any CPU.Build.0 = Release|Any CPU
		{904F9535-B07C-444D-A42C-0E579F98D232}.Release|ARM.ActiveCfg = Release|Any CPU
		{904F9535-B07C-444D-A42C-0E579F98D232}.Release|ARM.Build.0 = Release|Any CPU
		{904F9535-B07C-444D-A42C-0E579F98D232}.Release|iPhone.ActiveCfg = Release|Any CPU
		{904F9535-B07C-444D-A42C-0E579F98D232}.Release|iPhone.Build.0 = Release|Any CPU
		{904F9535-B07C-444D-A42C-0E579F98D232}.Release|iPhoneSimulator.ActiveCfg = Release|Any CPU
		{904F9535-B07C-444D-A42C-0E579F98D232}.Release|iPhoneSimulator.Build.0 = Release|Any CPU
		{904F9535-B07C-444D-A42C-0E579F98D232}.Release|x64.ActiveCfg = Release|Any CPU
		{904F9535-B07C-444D-A42C-0E579F98D232}.Release|x64.Build.0 = Release|Any CPU
		{904F9535-B07C-444D-A42C-0E579F98D232}.Release|x86.ActiveCfg = Release|Any CPU
		{904F9535-B07C-444D-A42C-0E579F98D232}.Release|x86.Build.0 = Release|Any CPU
		{21B7C389-7B5D-4049-BAD3-EF5BA81D8FF6}.Ad-Hoc|Any CPU.ActiveCfg = Release|Any CPU
		{21B7C389-7B5D-4049-BAD3-EF5BA81D8FF6}.Ad-Hoc|Any CPU.Build.0 = Release|Any CPU
		{21B7C389-7B5D-4049-BAD3-EF5BA81D8FF6}.Ad-Hoc|ARM.ActiveCfg = Release|Any CPU
		{21B7C389-7B5D-4049-BAD3-EF5BA81D8FF6}.Ad-Hoc|ARM.Build.0 = Release|Any CPU
		{21B7C389-7B5D-4049-BAD3-EF5BA81D8FF6}.Ad-Hoc|iPhone.ActiveCfg = Release|Any CPU
		{21B7C389-7B5D-4049-BAD3-EF5BA81D8FF6}.Ad-Hoc|iPhone.Build.0 = Release|Any CPU
		{21B7C389-7B5D-4049-BAD3-EF5BA81D8FF6}.Ad-Hoc|iPhoneSimulator.ActiveCfg = Release|Any CPU
		{21B7C389-7B5D-4049-BAD3-EF5BA81D8FF6}.Ad-Hoc|iPhoneSimulator.Build.0 = Release|Any CPU
		{21B7C389-7B5D-4049-BAD3-EF5BA81D8FF6}.Ad-Hoc|x64.ActiveCfg = Release|Any CPU
		{21B7C389-7B5D-4049-BAD3-EF5BA81D8FF6}.Ad-Hoc|x64.Build.0 = Release|Any CPU
		{21B7C389-7B5D-4049-BAD3-EF5BA81D8FF6}.Ad-Hoc|x86.ActiveCfg = Release|Any CPU
		{21B7C389-7B5D-4049-BAD3-EF5BA81D8FF6}.Ad-Hoc|x86.Build.0 = Release|Any CPU
		{21B7C389-7B5D-4049-BAD3-EF5BA81D8FF6}.AppStore|Any CPU.ActiveCfg = Release|Any CPU
		{21B7C389-7B5D-4049-BAD3-EF5BA81D8FF6}.AppStore|Any CPU.Build.0 = Release|Any CPU
		{21B7C389-7B5D-4049-BAD3-EF5BA81D8FF6}.AppStore|ARM.ActiveCfg = Release|Any CPU
		{21B7C389-7B5D-4049-BAD3-EF5BA81D8FF6}.AppStore|ARM.Build.0 = Release|Any CPU
		{21B7C389-7B5D-4049-BAD3-EF5BA81D8FF6}.AppStore|iPhone.ActiveCfg = Release|Any CPU
		{21B7C389-7B5D-4049-BAD3-EF5BA81D8FF6}.AppStore|iPhone.Build.0 = Release|Any CPU
		{21B7C389-7B5D-4049-BAD3-EF5BA81D8FF6}.AppStore|iPhoneSimulator.ActiveCfg = Release|Any CPU
		{21B7C389-7B5D-4049-BAD3-EF5BA81D8FF6}.AppStore|iPhoneSimulator.Build.0 = Release|Any CPU
		{21B7C389-7B5D-4049-BAD3-EF5BA81D8FF6}.AppStore|x64.ActiveCfg = Release|Any CPU
		{21B7C389-7B5D-4049-BAD3-EF5BA81D8FF6}.AppStore|x64.Build.0 = Release|Any CPU
		{21B7C389-7B5D-4049-BAD3-EF5BA81D8FF6}.AppStore|x86.ActiveCfg = Release|Any CPU
		{21B7C389-7B5D-4049-BAD3-EF5BA81D8FF6}.AppStore|x86.Build.0 = Release|Any CPU
		{21B7C389-7B5D-4049-BAD3-EF5BA81D8FF6}.Debug|Any CPU.ActiveCfg = Debug|Any CPU
		{21B7C389-7B5D-4049-BAD3-EF5BA81D8FF6}.Debug|Any CPU.Build.0 = Debug|Any CPU
		{21B7C389-7B5D-4049-BAD3-EF5BA81D8FF6}.Debug|ARM.ActiveCfg = Debug|Any CPU
		{21B7C389-7B5D-4049-BAD3-EF5BA81D8FF6}.Debug|ARM.Build.0 = Debug|Any CPU
		{21B7C389-7B5D-4049-BAD3-EF5BA81D8FF6}.Debug|iPhone.ActiveCfg = Debug|Any CPU
		{21B7C389-7B5D-4049-BAD3-EF5BA81D8FF6}.Debug|iPhone.Build.0 = Debug|Any CPU
		{21B7C389-7B5D-4049-BAD3-EF5BA81D8FF6}.Debug|iPhoneSimulator.ActiveCfg = Debug|Any CPU
		{21B7C389-7B5D-4049-BAD3-EF5BA81D8FF6}.Debug|iPhoneSimulator.Build.0 = Debug|Any CPU
		{21B7C389-7B5D-4049-BAD3-EF5BA81D8FF6}.Debug|x64.ActiveCfg = Debug|Any CPU
		{21B7C389-7B5D-4049-BAD3-EF5BA81D8FF6}.Debug|x64.Build.0 = Debug|Any CPU
		{21B7C389-7B5D-4049-BAD3-EF5BA81D8FF6}.Debug|x86.ActiveCfg = Debug|Any CPU
		{21B7C389-7B5D-4049-BAD3-EF5BA81D8FF6}.Debug|x86.Build.0 = Debug|Any CPU
		{21B7C389-7B5D-4049-BAD3-EF5BA81D8FF6}.Release|Any CPU.ActiveCfg = Release|Any CPU
		{21B7C389-7B5D-4049-BAD3-EF5BA81D8FF6}.Release|Any CPU.Build.0 = Release|Any CPU
		{21B7C389-7B5D-4049-BAD3-EF5BA81D8FF6}.Release|ARM.ActiveCfg = Release|Any CPU
		{21B7C389-7B5D-4049-BAD3-EF5BA81D8FF6}.Release|ARM.Build.0 = Release|Any CPU
		{21B7C389-7B5D-4049-BAD3-EF5BA81D8FF6}.Release|iPhone.ActiveCfg = Release|Any CPU
		{21B7C389-7B5D-4049-BAD3-EF5BA81D8FF6}.Release|iPhone.Build.0 = Release|Any CPU
		{21B7C389-7B5D-4049-BAD3-EF5BA81D8FF6}.Release|iPhoneSimulator.ActiveCfg = Release|Any CPU
		{21B7C389-7B5D-4049-BAD3-EF5BA81D8FF6}.Release|iPhoneSimulator.Build.0 = Release|Any CPU
		{21B7C389-7B5D-4049-BAD3-EF5BA81D8FF6}.Release|x64.ActiveCfg = Release|Any CPU
		{21B7C389-7B5D-4049-BAD3-EF5BA81D8FF6}.Release|x64.Build.0 = Release|Any CPU
		{21B7C389-7B5D-4049-BAD3-EF5BA81D8FF6}.Release|x86.ActiveCfg = Release|Any CPU
		{21B7C389-7B5D-4049-BAD3-EF5BA81D8FF6}.Release|x86.Build.0 = Release|Any CPU
	EndGlobalSection
	GlobalSection(SolutionProperties) = preSolution
		HideSolutionNode = FALSE
	EndGlobalSection
	GlobalSection(ExtensibilityGlobals) = postSolution
		SolutionGuid = {9C90E47E-632B-4A64-8180-0BBE0A61D00D}
	EndGlobalSection
EndGlobal
